
Microsoft Visual Studio Solution File, Format Version 12.00
# Visual Studio Version 17
VisualStudioVersion = 17.1.32328.378
MinimumVisualStudioVersion = 10.0.40219.1
Project("{FAE04EC0-301F-11D3-BF4B-00C04F79EFBC}") = "WindowsGenericPopups.CoreLibrary", "WindowsGenericPopups.CoreLibrary.csproj", "{6E256B59-DF84-45C3-A44B-19416AD5698E}"
EndProject
Global
	GlobalSection(SolutionConfigurationPlatforms) = preSolution
		Debug|Any CPU = Debug|Any CPU
		Release|Any CPU = Release|Any CPU
	EndGlobalSection
	GlobalSection(ProjectConfigurationPlatforms) = postSolution
		{6E256B59-DF84-45C3-A44B-19416AD5698E}.Debug|Any CPU.ActiveCfg = Debug|Any CPU
		{6E256B59-DF84-45C3-A44B-19416AD5698E}.Debug|Any CPU.Build.0 = Debug|Any CPU
		{6E256B59-DF84-45C3-A44B-19416AD5698E}.Release|Any CPU.ActiveCfg = Release|Any CPU
		{6E256B59-DF84-45C3-A44B-19416AD5698E}.Release|Any CPU.Build.0 = Release|Any CPU
	EndGlobalSection
	GlobalSection(SolutionProperties) = preSolution
		HideSolutionNode = FALSE
	EndGlobalSection
	GlobalSection(ExtensibilityGlobals) = postSolution
		SolutionGuid = {CFCA0E25-8DD6-4C9C-93F7-E31BBCB0793C}
	EndGlobalSection
EndGlobal
